// !$*UTF8*$!
{
	archiveVersion = 1;
	classes = {
	};
	objectVersion = 48;
	objects = {

/* Begin PBXBuildFile section */
		D772D58F1FFDBCD90047D4F9 /* AppDelegate.swift in Sources */ = {isa = PBXBuildFile; fileRef = D772D58E1FFDBCD90047D4F9 /* AppDelegate.swift */; };
		D772D5911FFDBCD90047D4F9 /* TodoListTableVC.swift in Sources */ = {isa = PBXBuildFile; fileRef = D772D5901FFDBCD90047D4F9 /* TodoListTableVC.swift */; };
		D772D5941FFDBCD90047D4F9 /* Main.storyboard in Resources */ = {isa = PBXBuildFile; fileRef = D772D5921FFDBCD90047D4F9 /* Main.storyboard */; };
		D772D5961FFDBCD90047D4F9 /* Assets.xcassets in Resources */ = {isa = PBXBuildFile; fileRef = D772D5951FFDBCD90047D4F9 /* Assets.xcassets */; };
		D772D5991FFDBCD90047D4F9 /* LaunchScreen.storyboard in Resources */ = {isa = PBXBuildFile; fileRef = D772D5971FFDBCD90047D4F9 /* LaunchScreen.storyboard */; };
		D797903E1FFF17EA00BECFB3 /* Item.xcdatamodeld in Sources */ = {isa = PBXBuildFile; fileRef = D797903C1FFF17EA00BECFB3 /* Item.xcdatamodeld */; };
		D7AB58921FFF34920043BA4A /* CategoryTableViewController.swift in Sources */ = {isa = PBXBuildFile; fileRef = D7AB58911FFF34920043BA4A /* CategoryTableViewController.swift */; };
/* End PBXBuildFile section */

/* Begin PBXFileReference section */
		D772D58B1FFDBCD90047D4F9 /* Todoey.app */ = {isa = PBXFileReference; explicitFileType = wrapper.application; includeInIndex = 0; path = Todoey.app; sourceTree = BUILT_PRODUCTS_DIR; };
		D772D58E1FFDBCD90047D4F9 /* AppDelegate.swift */ = {isa = PBXFileReference; lastKnownFileType = sourcecode.swift; path = AppDelegate.swift; sourceTree = "<group>"; };
		D772D5901FFDBCD90047D4F9 /* TodoListTableVC.swift */ = {isa = PBXFileReference; lastKnownFileType = sourcecode.swift; path = TodoListTableVC.swift; sourceTree = "<group>"; };
		D772D5931FFDBCD90047D4F9 /* Base */ = {isa = PBXFileReference; lastKnownFileType = file.storyboard; name = Base; path = Base.lproj/Main.storyboard; sourceTree = "<group>"; };
		D772D5951FFDBCD90047D4F9 /* Assets.xcassets */ = {isa = PBXFileReference; lastKnownFileType = folder.assetcatalog; path = Assets.xcassets; sourceTree = "<group>"; };
		D772D5981FFDBCD90047D4F9 /* Base */ = {isa = PBXFileReference; lastKnownFileType = file.storyboard; name = Base; path = Base.lproj/LaunchScreen.storyboard; sourceTree = "<group>"; };
		D772D59A1FFDBCD90047D4F9 /* Info.plist */ = {isa = PBXFileReference; lastKnownFileType = text.plist.xml; path = Info.plist; sourceTree = "<group>"; };
		D797903D1FFF17EA00BECFB3 /* Item.xcdatamodel */ = {isa = PBXFileReference; lastKnownFileType = wrapper.xcdatamodel; path = Item.xcdatamodel; sourceTree = "<group>"; };
		D7AB58911FFF34920043BA4A /* CategoryTableViewController.swift */ = {isa = PBXFileReference; lastKnownFileType = sourcecode.swift; path = CategoryTableViewController.swift; sourceTree = "<group>"; };
/* End PBXFileReference section */

/* Begin PBXFrameworksBuildPhase section */
		D772D5881FFDBCD90047D4F9 /* Frameworks */ = {
			isa = PBXFrameworksBuildPhase;
			buildActionMask = 2147483647;
			files = (
			);
			runOnlyForDeploymentPostprocessing = 0;
		};
/* End PBXFrameworksBuildPhase section */

/* Begin PBXGroup section */
		D772D5821FFDBCD90047D4F9 = {
			isa = PBXGroup;
			children = (
				D772D58D1FFDBCD90047D4F9 /* Todoey */,
				D772D58C1FFDBCD90047D4F9 /* Products */,
			);
			sourceTree = "<group>";
		};
		D772D58C1FFDBCD90047D4F9 /* Products */ = {
			isa = PBXGroup;
			children = (
				D772D58B1FFDBCD90047D4F9 /* Todoey.app */,
			);
			name = Products;
			sourceTree = "<group>";
		};
		D772D58D1FFDBCD90047D4F9 /* Todoey */ = {
			isa = PBXGroup;
			children = (
				D79790151FFF03AA00BECFB3 /* Controller */,
				D79790161FFF03B100BECFB3 /* Data Model */,
				D79790191FFF03EB00BECFB3 /* View */,
				D797901A1FFF03F300BECFB3 /* Supporting Files */,
				D772D59A1FFDBCD90047D4F9 /* Info.plist */,
			);
			path = Todoey;
			sourceTree = "<group>";
		};
		D79790151FFF03AA00BECFB3 /* Controller */ = {
			isa = PBXGroup;
			children = (
				D772D58E1FFDBCD90047D4F9 /* AppDelegate.swift */,
				D772D5901FFDBCD90047D4F9 /* TodoListTableVC.swift */,
				D7AB58911FFF34920043BA4A /* CategoryTableViewController.swift */,
			);
			path = Controller;
			sourceTree = "<group>";
		};
		D79790161FFF03B100BECFB3 /* Data Model */ = {
			isa = PBXGroup;
			children = (
				D797903C1FFF17EA00BECFB3 /* Item.xcdatamodeld */,
			);
			path = "Data Model";
			sourceTree = "<group>";
		};
		D79790191FFF03EB00BECFB3 /* View */ = {
			isa = PBXGroup;
			children = (
				D772D5921FFDBCD90047D4F9 /* Main.storyboard */,
			);
			path = View;
			sourceTree = "<group>";
		};
		D797901A1FFF03F300BECFB3 /* Supporting Files */ = {
			isa = PBXGroup;
			children = (
				D772D5951FFDBCD90047D4F9 /* Assets.xcassets */,
				D772D5971FFDBCD90047D4F9 /* LaunchScreen.storyboard */,
			);
			path = "Supporting Files";
			sourceTree = "<group>";
		};
/* End PBXGroup section */

/* Begin PBXNativeTarget section */
		D772D58A1FFDBCD90047D4F9 /* Todoey */ = {
			isa = PBXNativeTarget;
			buildConfigurationList = D772D59D1FFDBCD90047D4F9 /* Build configuration list for PBXNativeTarget "Todoey" */;
			buildPhases = (
				D772D5871FFDBCD90047D4F9 /* Sources */,
				D772D5881FFDBCD90047D4F9 /* Frameworks */,
				D772D5891FFDBCD90047D4F9 /* Resources */,
			);
			buildRules = (
			);
			dependencies = (
			);
			name = Todoey;
			productName = Todoey;
			productReference = D772D58B1FFDBCD90047D4F9 /* Todoey.app */;
			productType = "com.apple.product-type.application";
		};
/* End PBXNativeTarget section */

/* Begin PBXProject section */
		D772D5831FFDBCD90047D4F9 /* Project object */ = {
			isa = PBXProject;
			attributes = {
				LastSwiftUpdateCheck = 0920;
				LastUpgradeCheck = 0920;
				ORGANIZATIONNAME = "Romeo Enso";
				TargetAttributes = {
					D772D58A1FFDBCD90047D4F9 = {
						CreatedOnToolsVersion = 9.2;
						ProvisioningStyle = Automatic;
					};
				};
			};
			buildConfigurationList = D772D5861FFDBCD90047D4F9 /* Build configuration list for PBXProject "Todoey" */;
			compatibilityVersion = "Xcode 8.0";
			developmentRegion = en;
			hasScannedForEncodings = 0;
			knownRegions = (
				en,
				Base,
			);
			mainGroup = D772D5821FFDBCD90047D4F9;
			productRefGroup = D772D58C1FFDBCD90047D4F9 /* Products */;
			projectDirPath = "";
			projectRoot = "";
			targets = (
				D772D58A1FFDBCD90047D4F9 /* Todoey */,
			);
		};
/* End PBXProject section */

/* Begin PBXResourcesBuildPhase section */
		D772D5891FFDBCD90047D4F9 /* Resources */ = {
			isa = PBXResourcesBuildPhase;
			buildActionMask = 2147483647;
			files = (
				D772D5991FFDBCD90047D4F9 /* LaunchScreen.storyboard in Resources */,
				D772D5961FFDBCD90047D4F9 /* Assets.xcassets in Resources */,
				D772D5941FFDBCD90047D4F9 /* Main.storyboard in Resources */,
			);
			runOnlyForDeploymentPostprocessing = 0;
		};
/* End PBXResourcesBuildPhase section */

/* Begin PBXSourcesBuildPhase section */
		D772D5871FFDBCD90047D4F9 /* Sources */ = {
			isa = PBXSourcesBuildPhase;
			buildActionMask = 2147483647;
			files = (
				D797903E1FFF17EA00BECFB3 /* Item.xcdatamodeld in Sources */,
				D772D5911FFDBCD90047D4F9 /* TodoListTableVC.swift in Sources */,
				D772D58F1FFDBCD90047D4F9 /* AppDelegate.swift in Sources */,
				D7AB58921FFF34920043BA4A /* CategoryTableViewController.swift in Sources */,
			);
			runOnlyForDeploymentPostprocessing = 0;
		};
/* End PBXSourcesBuildPhase section */

/* Begin PBXVariantGroup section */
		D772D5921FFDBCD90047D4F9 /* Main.storyboard */ = {
			isa = PBXVariantGroup;
			children = (
				D772D5931FFDBCD90047D4F9 /* Base */,
			);
			name = Main.storyboard;
			sourceTree = "<group>";
		};
		D772D5971FFDBCD90047D4F9 /* LaunchScreen.storyboard */ = {
			isa = PBXVariantGroup;
			children = (
				D772D5981FFDBCD90047D4F9 /* Base */,
			);
			name = LaunchScreen.storyboard;
			sourceTree = "<group>";
		};
/* End PBXVariantGroup section */

/* Begin XCBuildConfiguration section */
		D772D59B1FFDBCD90047D4F9 /* Debug */ = {
			isa = XCBuildConfiguration;
			buildSettings = {
				ALWAYS_SEARCH_USER_PATHS = NO;
				CLANG_ANALYZER_NONNULL = YES;
				CLANG_ANALYZER_NUMBER_OBJECT_CONVERSION = YES_AGGRESSIVE;
				CLANG_CXX_LANGUAGE_STANDARD = "gnu++14";
				CLANG_CXX_LIBRARY = "libc++";
				CLANG_ENABLE_MODULES = YES;
				CLANG_ENABLE_OBJC_ARC = YES;
				CLANG_WARN_BLOCK_CAPTURE_AUTORELEASING = YES;
				CLANG_WARN_BOOL_CONVERSION = YES;
				CLANG_WARN_COMMA = YES;
				CLANG_WARN_CONSTANT_CONVERSION = YES;
				CLANG_WARN_DIRECT_OBJC_ISA_USAGE = YES_ERROR;
				CLANG_WARN_DOCUMENTATION_COMMENTS = YES;
				CLANG_WARN_EMPTY_BODY = YES;
				CLANG_WARN_ENUM_CONVERSION = YES;
				CLANG_WARN_INFINITE_RECURSION = YES;
				CLANG_WARN_INT_CONVERSION = YES;
				CLANG_WARN_NON_LITERAL_NULL_CONVERSION = YES;
				CLANG_WARN_OBJC_LITERAL_CONVERSION = YES;
				CLANG_WARN_OBJC_ROOT_CLASS = YES_ERROR;
				CLANG_WARN_RANGE_LOOP_ANALYSIS = YES;
				CLANG_WARN_STRICT_PROTOTYPES = YES;
				CLANG_WARN_SUSPICIOUS_MOVE = YES;
				CLANG_WARN_UNGUARDED_AVAILABILITY = YES_AGGRESSIVE;
				CLANG_WARN_UNREACHABLE_CODE = YES;
				CLANG_WARN__DUPLICATE_METHOD_MATCH = YES;
				CODE_SIGN_IDENTITY = "iPhone Developer";
				COPY_PHASE_STRIP = NO;
				DEBUG_INFORMATION_FORMAT = dwarf;
				ENABLE_STRICT_OBJC_MSGSEND = YES;
				ENABLE_TESTABILITY = YES;
				GCC_C_LANGUAGE_STANDARD = gnu11;
				GCC_DYNAMIC_NO_PIC = NO;
				GCC_NO_COMMON_BLOCKS = YES;
				GCC_OPTIMIZATION_LEVEL = 0;
				GCC_PREPROCESSOR_DEFINITIONS = (
					"DEBUG=1",
					"$(inherited)",
				);
				GCC_WARN_64_TO_32_BIT_CONVERSION = YES;
				GCC_WARN_ABOUT_RETURN_TYPE = YES_ERROR;
				GCC_WARN_UNDECLARED_SELECTOR = YES;
				GCC_WARN_UNINITIALIZED_AUTOS = YES_AGGRESSIVE;
				GCC_WARN_UNUSED_FUNCTION = YES;
				GCC_WARN_UNUSED_VARIABLE = YES;
				IPHONEOS_DEPLOYMENT_TARGET = 11.2;
				MTL_ENABLE_DEBUG_INFO = YES;
				ONLY_ACTIVE_ARCH = YES;
				SDKROOT = iphoneos;
				SWIFT_ACTIVE_COMPILATION_CONDITIONS = DEBUG;
				SWIFT_OPTIMIZATION_LEVEL = "-Onone";
			};
			name = Debug;
		};
		D772D59C1FFDBCD90047D4F9 /* Release */ = {
			isa = XCBuildConfiguration;
			buildSettings = {
				ALWAYS_SEARCH_USER_PATHS = NO;
				CLANG_ANALYZER_NONNULL = YES;
				CLANG_ANALYZER_NUMBER_OBJECT_CONVERSION = YES_AGGRESSIVE;
				CLANG_CXX_LANGUAGE_STANDARD = "gnu++14";
				CLANG_CXX_LIBRARY = "libc++";
				CLANG_ENABLE_MODULES = YES;
				CLANG_ENABLE_OBJC_ARC = YES;
				CLANG_WARN_BLOCK_CAPTURE_AUTORELEASING = YES;
				CLANG_WARN_BOOL_CONVERSION = YES;
				CLANG_WARN_COMMA = YES;
				CLANG_WARN_CONSTANT_CONVERSION = YES;
				CLANG_WARN_DIRECT_OBJC_ISA_USAGE = YES_ERROR;
				CLANG_WARN_DOCUMENTATION_COMMENTS = YES;
				CLANG_WARN_EMPTY_BODY = YES;
				CLANG_WARN_ENUM_CONVERSION = YES;
				CLANG_WARN_INFINITE_RECURSION = YES;
				CLANG_WARN_INT_CONVERSION = YES;
				CLANG_WARN_NON_LITERAL_NULL_CONVERSION = YES;
				CLANG_WARN_OBJC_LITERAL_CONVERSION = YES;
				CLANG_WARN_OBJC_ROOT_CLASS = YES_ERROR;
				CLANG_WARN_RANGE_LOOP_ANALYSIS = YES;
				CLANG_WARN_STRICT_PROTOTYPES = YES;
				CLANG_WARN_SUSPICIOUS_MOVE = YES;
				CLANG_WARN_UNGUARDED_AVAILABILITY = YES_AGGRESSIVE;
				CLANG_WARN_UNREACHABLE_CODE = YES;
				CLANG_WARN__DUPLICATE_METHOD_MATCH = YES;
				CODE_SIGN_IDENTITY = "iPhone Developer";
				COPY_PHASE_STRIP = NO;
				DEBUG_INFORMATION_FORMAT = "dwarf-with-dsym";
				ENABLE_NS_ASSERTIONS = NO;
				ENABLE_STRICT_OBJC_MSGSEND = YES;
				GCC_C_LANGUAGE_STANDARD = gnu11;
				GCC_NO_COMMON_BLOCKS = YES;
				GCC_WARN_64_TO_32_BIT_CONVERSION = YES;
				GCC_WARN_ABOUT_RETURN_TYPE = YES_ERROR;
				GCC_WARN_UNDECLARED_SELECTOR = YES;
				GCC_WARN_UNINITIALIZED_AUTOS = YES_AGGRESSIVE;
				GCC_WARN_UNUSED_FUNCTION = YES;
				GCC_WARN_UNUSED_VARIABLE = YES;
				IPHONEOS_DEPLOYMENT_TARGET = 11.2;
				MTL_ENABLE_DEBUG_INFO = NO;
				SDKROOT = iphoneos;
				SWIFT_OPTIMIZATION_LEVEL = "-Owholemodule";
				VALIDATE_PRODUCT = YES;
			};
			name = Release;
		};
		D772D59E1FFDBCD90047D4F9 /* Debug */ = {
			isa = XCBuildConfiguration;
			buildSettings = {
				ASSETCATALOG_COMPILER_APPICON_NAME = AppIcon;
				CODE_SIGN_STYLE = Automatic;
				INFOPLIST_FILE = Todoey/Info.plist;
				LD_RUNPATH_SEARCH_PATHS = "$(inherited) @executable_path/Frameworks";
				PRODUCT_BUNDLE_IDENTIFIER = com.Todoey;
				PRODUCT_NAME = "$(TARGET_NAME)";
				SWIFT_VERSION = 4.0;
				TARGETED_DEVICE_FAMILY = "1,2";
			};
			name = Debug;
		};
		D772D59F1FFDBCD90047D4F9 /* Release */ = {
			isa = XCBuildConfiguration;
			buildSettings = {
				ASSETCATALOG_COMPILER_APPICON_NAME = AppIcon;
				CODE_SIGN_STYLE = Automatic;
				INFOPLIST_FILE = Todoey/Info.plist;
				LD_RUNPATH_SEARCH_PATHS = "$(inherited) @executable_path/Frameworks";
				PRODUCT_BUNDLE_IDENTIFIER = com.Todoey;
				PRODUCT_NAME = "$(TARGET_NAME)";
				SWIFT_VERSION = 4.0;
				TARGETED_DEVICE_FAMILY = "1,2";
			};
			name = Release;
		};
/* End XCBuildConfiguration section */

/* Begin XCConfigurationList section */
		D772D5861FFDBCD90047D4F9 /* Build configuration list for PBXProject "Todoey" */ = {
			isa = XCConfigurationList;
			buildConfigurations = (
				D772D59B1FFDBCD90047D4F9 /* Debug */,
				D772D59C1FFDBCD90047D4F9 /* Release */,
			);
			defaultConfigurationIsVisible = 0;
			defaultConfigurationName = Release;
		};
		D772D59D1FFDBCD90047D4F9 /* Build configuration list for PBXNativeTarget "Todoey" */ = {
			isa = XCConfigurationList;
			buildConfigurations = (
				D772D59E1FFDBCD90047D4F9 /* Debug */,
				D772D59F1FFDBCD90047D4F9 /* Release */,
			);
			defaultConfigurationIsVisible = 0;
			defaultConfigurationName = Release;
		};
/* End XCConfigurationList section */

/* Begin XCVersionGroup section */
		D797903C1FFF17EA00BECFB3 /* Item.xcdatamodeld */ = {
			isa = XCVersionGroup;
			children = (
				D797903D1FFF17EA00BECFB3 /* Item.xcdatamodel */,
			);
			currentVersion = D797903D1FFF17EA00BECFB3 /* Item.xcdatamodel */;
			path = Item.xcdatamodeld;
			sourceTree = "<group>";
			versionGroupType = wrapper.xcdatamodel;
		};
/* End XCVersionGroup section */
	};
	rootObject = D772D5831FFDBCD90047D4F9 /* Project object */;
}
